
Microsoft Visual Studio Solution File, Format Version 12.00
# Visual Studio Version 17
VisualStudioVersion = 17.9.34902.65
MinimumVisualStudioVersion = 10.0.40219.1
Project("{2150E333-8FDC-42A3-9474-1A3956D46DE8}") = "services", "services", "{3376189F-12A0-4DA2-AFD6-5E2795E148A3}"
EndProject
Project("{2150E333-8FDC-42A3-9474-1A3956D46DE8}") = "course", "course", "{7EF4B966-5D75-4E53-940C-09C2CC37D6A6}"
EndProject
Project("{2150E333-8FDC-42A3-9474-1A3956D46DE8}") = "src", "src", "{564A9981-A5C2-4C4E-96D9-5454C2C2EFE6}"
EndProject
Project("{9A19103F-16F7-4668-BE54-9A1E7A4F7556}") = "Course.Domain", "services\course\src\Course.Domain\Course.Domain.csproj", "{4C3D29AD-A3C5-46C2-805A-0903F1427C23}"
EndProject
Project("{9A19103F-16F7-4668-BE54-9A1E7A4F7556}") = "Course.EntityFrameworkCore", "services\course\src\Course.EntityFrameworkCore\Course.EntityFrameworkCore.csproj", "{F8958EC0-14C9-4C57-A79F-3BC4F31F285C}"
EndProject
Project("{2150E333-8FDC-42A3-9474-1A3956D46DE8}") = "apps", "apps", "{98F53ACE-2BCB-43AA-82DF-84BC22EC7611}"
EndProject
Project("{9A19103F-16F7-4668-BE54-9A1E7A4F7556}") = "Course.HttpApi.Host", "services\course\apps\Course.HttpApi.Host\Course.HttpApi.Host.csproj", "{5049F88B-212C-4896-B7E6-16DA86A18BE6}"
EndProject
Project("{9A19103F-16F7-4668-BE54-9A1E7A4F7556}") = "Course.Application.Contracts", "services\course\src\Course.Application.Contracts\Course.Application.Contracts.csproj", "{4D2D5E81-D7BB-4EED-8748-D0E96A956D42}"
EndProject
Project("{9A19103F-16F7-4668-BE54-9A1E7A4F7556}") = "Course.Application", "services\course\src\Course.Application\Course.Application.csproj", "{7A13990E-D0B2-4A92-8B22-DA8BD90FED83}"
EndProject
Project("{9A19103F-16F7-4668-BE54-9A1E7A4F7556}") = "Course.Domain.Shared", "services\course\src\Course.Domain.Shared\Course.Domain.Shared.csproj", "{510A078D-3117-4984-98F0-3328322D1AE2}"
EndProject
Project("{2150E333-8FDC-42A3-9474-1A3956D46DE8}") = "shared", "shared", "{1AF01836-08D4-4FD7-BEB2-73886B3E0714}"
EndProject
Project("{9A19103F-16F7-4668-BE54-9A1E7A4F7556}") = "Shared.Domain", "services\shared\Shared.Domain\Shared.Domain.csproj", "{AD428C06-ACCC-465E-8B29-EB2F526FD2CD}"
EndProject
Project("{9A19103F-16F7-4668-BE54-9A1E7A4F7556}") = "Shared.EntityFrameworkCore", "services\shared\Shared.EntityFrameworkCore\Shared.EntityFrameworkCore.csproj", "{28F66BF4-E781-4394-A8E5-D8D1B1A9A3A2}"
EndProject
Project("{FAE04EC0-301F-11D3-BF4B-00C04F79EFBC}") = "Shared.Application", "services\shared\Shared.Application\Shared.Application.csproj", "{7C2ED289-65A2-4AF1-8363-DBB702BA2417}"
EndProject
Project("{9A19103F-16F7-4668-BE54-9A1E7A4F7556}") = "Shared.Application.Contracts", "services\shared\Shared.Application.Contracts\Shared.Application.Contracts.csproj", "{0F8DB348-73D5-4E16-A407-F6B5678CF4ED}"
EndProject
Global
	GlobalSection(SolutionConfigurationPlatforms) = preSolution
		Debug|Any CPU = Debug|Any CPU
		Release|Any CPU = Release|Any CPU
	EndGlobalSection
	GlobalSection(ProjectConfigurationPlatforms) = postSolution
		{4C3D29AD-A3C5-46C2-805A-0903F1427C23}.Debug|Any CPU.ActiveCfg = Debug|Any CPU
		{4C3D29AD-A3C5-46C2-805A-0903F1427C23}.Debug|Any CPU.Build.0 = Debug|Any CPU
		{4C3D29AD-A3C5-46C2-805A-0903F1427C23}.Release|Any CPU.ActiveCfg = Release|Any CPU
		{4C3D29AD-A3C5-46C2-805A-0903F1427C23}.Release|Any CPU.Build.0 = Release|Any CPU
		{F8958EC0-14C9-4C57-A79F-3BC4F31F285C}.Debug|Any CPU.ActiveCfg = Debug|Any CPU
		{F8958EC0-14C9-4C57-A79F-3BC4F31F285C}.Debug|Any CPU.Build.0 = Debug|Any CPU
		{F8958EC0-14C9-4C57-A79F-3BC4F31F285C}.Release|Any CPU.ActiveCfg = Release|Any CPU
		{F8958EC0-14C9-4C57-A79F-3BC4F31F285C}.Release|Any CPU.Build.0 = Release|Any CPU
		{5049F88B-212C-4896-B7E6-16DA86A18BE6}.Debug|Any CPU.ActiveCfg = Debug|Any CPU
		{5049F88B-212C-4896-B7E6-16DA86A18BE6}.Debug|Any CPU.Build.0 = Debug|Any CPU
		{5049F88B-212C-4896-B7E6-16DA86A18BE6}.Release|Any CPU.ActiveCfg = Release|Any CPU
		{5049F88B-212C-4896-B7E6-16DA86A18BE6}.Release|Any CPU.Build.0 = Release|Any CPU
		{4D2D5E81-D7BB-4EED-8748-D0E96A956D42}.Debug|Any CPU.ActiveCfg = Debug|Any CPU
		{4D2D5E81-D7BB-4EED-8748-D0E96A956D42}.Debug|Any CPU.Build.0 = Debug|Any CPU
		{4D2D5E81-D7BB-4EED-8748-D0E96A956D42}.Release|Any CPU.ActiveCfg = Release|Any CPU
		{4D2D5E81-D7BB-4EED-8748-D0E96A956D42}.Release|Any CPU.Build.0 = Release|Any CPU
		{7A13990E-D0B2-4A92-8B22-DA8BD90FED83}.Debug|Any CPU.ActiveCfg = Debug|Any CPU
		{7A13990E-D0B2-4A92-8B22-DA8BD90FED83}.Debug|Any CPU.Build.0 = Debug|Any CPU
		{7A13990E-D0B2-4A92-8B22-DA8BD90FED83}.Release|Any CPU.ActiveCfg = Release|Any CPU
		{7A13990E-D0B2-4A92-8B22-DA8BD90FED83}.Release|Any CPU.Build.0 = Release|Any CPU
		{510A078D-3117-4984-98F0-3328322D1AE2}.Debug|Any CPU.ActiveCfg = Debug|Any CPU
		{510A078D-3117-4984-98F0-3328322D1AE2}.Debug|Any CPU.Build.0 = Debug|Any CPU
		{510A078D-3117-4984-98F0-3328322D1AE2}.Release|Any CPU.ActiveCfg = Release|Any CPU
		{510A078D-3117-4984-98F0-3328322D1AE2}.Release|Any CPU.Build.0 = Release|Any CPU
		{AD428C06-ACCC-465E-8B29-EB2F526FD2CD}.Debug|Any CPU.ActiveCfg = Debug|Any CPU
		{AD428C06-ACCC-465E-8B29-EB2F526FD2CD}.Debug|Any CPU.Build.0 = Debug|Any CPU
		{AD428C06-ACCC-465E-8B29-EB2F526FD2CD}.Release|Any CPU.ActiveCfg = Release|Any CPU
		{AD428C06-ACCC-465E-8B29-EB2F526FD2CD}.Release|Any CPU.Build.0 = Release|Any CPU
		{28F66BF4-E781-4394-A8E5-D8D1B1A9A3A2}.Debug|Any CPU.ActiveCfg = Debug|Any CPU
		{28F66BF4-E781-4394-A8E5-D8D1B1A9A3A2}.Debug|Any CPU.Build.0 = Debug|Any CPU
		{28F66BF4-E781-4394-A8E5-D8D1B1A9A3A2}.Release|Any CPU.ActiveCfg = Release|Any CPU
		{28F66BF4-E781-4394-A8E5-D8D1B1A9A3A2}.Release|Any CPU.Build.0 = Release|Any CPU
		{7C2ED289-65A2-4AF1-8363-DBB702BA2417}.Debug|Any CPU.ActiveCfg = Debug|Any CPU
		{7C2ED289-65A2-4AF1-8363-DBB702BA2417}.Debug|Any CPU.Build.0 = Debug|Any CPU
		{7C2ED289-65A2-4AF1-8363-DBB702BA2417}.Release|Any CPU.ActiveCfg = Release|Any CPU
		{7C2ED289-65A2-4AF1-8363-DBB702BA2417}.Release|Any CPU.Build.0 = Release|Any CPU
		{0F8DB348-73D5-4E16-A407-F6B5678CF4ED}.Debug|Any CPU.ActiveCfg = Debug|Any CPU
		{0F8DB348-73D5-4E16-A407-F6B5678CF4ED}.Debug|Any CPU.Build.0 = Debug|Any CPU
		{0F8DB348-73D5-4E16-A407-F6B5678CF4ED}.Release|Any CPU.ActiveCfg = Release|Any CPU
		{0F8DB348-73D5-4E16-A407-F6B5678CF4ED}.Release|Any CPU.Build.0 = Release|Any CPU
	EndGlobalSection
	GlobalSection(SolutionProperties) = preSolution
		HideSolutionNode = FALSE
	EndGlobalSection
	GlobalSection(NestedProjects) = preSolution
		{7EF4B966-5D75-4E53-940C-09C2CC37D6A6} = {3376189F-12A0-4DA2-AFD6-5E2795E148A3}
		{564A9981-A5C2-4C4E-96D9-5454C2C2EFE6} = {7EF4B966-5D75-4E53-940C-09C2CC37D6A6}
		{4C3D29AD-A3C5-46C2-805A-0903F1427C23} = {564A9981-A5C2-4C4E-96D9-5454C2C2EFE6}
		{F8958EC0-14C9-4C57-A79F-3BC4F31F285C} = {564A9981-A5C2-4C4E-96D9-5454C2C2EFE6}
		{98F53ACE-2BCB-43AA-82DF-84BC22EC7611} = {7EF4B966-5D75-4E53-940C-09C2CC37D6A6}
		{5049F88B-212C-4896-B7E6-16DA86A18BE6} = {98F53ACE-2BCB-43AA-82DF-84BC22EC7611}
		{4D2D5E81-D7BB-4EED-8748-D0E96A956D42} = {564A9981-A5C2-4C4E-96D9-5454C2C2EFE6}
		{7A13990E-D0B2-4A92-8B22-DA8BD90FED83} = {564A9981-A5C2-4C4E-96D9-5454C2C2EFE6}
		{510A078D-3117-4984-98F0-3328322D1AE2} = {564A9981-A5C2-4C4E-96D9-5454C2C2EFE6}
		{1AF01836-08D4-4FD7-BEB2-73886B3E0714} = {3376189F-12A0-4DA2-AFD6-5E2795E148A3}
		{AD428C06-ACCC-465E-8B29-EB2F526FD2CD} = {1AF01836-08D4-4FD7-BEB2-73886B3E0714}
		{28F66BF4-E781-4394-A8E5-D8D1B1A9A3A2} = {1AF01836-08D4-4FD7-BEB2-73886B3E0714}
		{7C2ED289-65A2-4AF1-8363-DBB702BA2417} = {1AF01836-08D4-4FD7-BEB2-73886B3E0714}
		{0F8DB348-73D5-4E16-A407-F6B5678CF4ED} = {1AF01836-08D4-4FD7-BEB2-73886B3E0714}
	EndGlobalSection
	GlobalSection(ExtensibilityGlobals) = postSolution
		SolutionGuid = {F8C55A77-32AB-430A-893E-7A519AE05CA5}
	EndGlobalSection
EndGlobal
